# This file is generated by running "yarn install" inside your project.
# Manual changes might be lost - proceed with caution!

__metadata:
  version: 4
  cacheKey: 7

"@types/bson@npm:*":
  version: 4.0.3
  resolution: "@types/bson@npm:4.0.3"
  dependencies:
    "@types/node": "*"
  checksum: 73c0179851f02bd43f010db65c465b09f7c495b35b0e3820a79d36f4bb209c84a512121c1af4c1d2512e5f13cd27cc74fa8aa6f3df9b17b7cca9d37d59ece3ce
  languageName: node
  linkType: hard

"@types/lodash@npm:^4.14.168":
  version: 4.14.168
  resolution: "@types/lodash@npm:4.14.168"
  checksum: 9a4e25f89fc035b9f0388f1f7be85e5eff49f9e6db0d93432c9a89fce0916f8a89db4e8290415f7ea02de6b00d3573826378dcb655b7b2d20530a6e8d6dd6fd0
  languageName: node
  linkType: hard

"@types/mongodb@npm:*":
  version: 3.6.8
  resolution: "@types/mongodb@npm:3.6.8"
  dependencies:
    "@types/bson": "*"
    "@types/node": "*"
  checksum: 0a4c57ba49a7719829b7419d218f9479b6cbfe583f662267452082ebd82c9661866f68cbac733f3a6de34f6f40d89532175df8000e33381c17592cb2a86324a0
  languageName: node
  linkType: hard

"@types/mongoose@npm:~5.10.3":
  version: 5.10.3
  resolution: "@types/mongoose@npm:5.10.3"
  dependencies:
    "@types/mongodb": "*"
    "@types/node": "*"
  checksum: d7f09d6bd91936a50cabff8b39e40c1313be2aa1ddfb71eea26b87cce75ee3e82947e8f0f07eda7fd86344be14e068674295081c5672d3f02df171c226adf5c6
  languageName: node
  linkType: hard

"@types/node@npm:*":
  version: 14.14.31
  resolution: "@types/node@npm:14.14.31"
  checksum: 635dc8a0898a923621e02ca179e17baa39fdfa44f0096fcc1b7046c9b32317e74a99956a7b45ca0e8069874f51f4e7873a418239a318a4b6e7936f6510ac5992
  languageName: node
  linkType: hard

"bl@npm:^2.2.1":
  version: 2.2.1
  resolution: "bl@npm:2.2.1"
  dependencies:
    readable-stream: ^2.3.5
    safe-buffer: ^5.1.1
  checksum: 438c510aa211ec4398819ad1cb4ef1617b0ffeb0f1946c2b359fc5aefbe6f8e22dc2f6788e8746509779fabee89f1c3b34ec87ff30fb7b3d95654d8cd51e3b70
  languageName: node
  linkType: hard

"bluebird@npm:3.5.1":
  version: 3.5.1
  resolution: "bluebird@npm:3.5.1"
  checksum: 11347ec6d59fdb2aca5f2507bbc5f7127bf5a7bb978da30f83469ad43a3fa6b533b24544a9b31e21fd730b77b93b0526e65c73d8fdb11b3b633f4269d75e420a
  languageName: node
  linkType: hard

"bson@npm:^1.1.4":
  version: 1.1.5
  resolution: "bson@npm:1.1.5"
  checksum: d1e6fe96baac02dacc54cc33f8accce7bd289a22f0e98804e76adbb9af463ee414f6c8aed15fa18c133330fe859a7bb750e432f39549bd823bc73c5e6dc8e1e4
  languageName: node
  linkType: hard

"core-util-is@npm:~1.0.0":
  version: 1.0.2
  resolution: "core-util-is@npm:1.0.2"
  checksum: 089015ee3c462dfceba70faa1df83b42a7bb35db26dae6af283247b06fe3216c65fccd9f00eebcaf98300dc31e981d56aae9f90b624f8f6ff1153e235ff88b65
  languageName: node
  linkType: hard

"dataloader@npm:>=1.4.0":
  version: 2.0.0
  resolution: "dataloader@npm:2.0.0"
  checksum: 0165c2e80751d269c33d2a14b0078a4f3853cb010e2531e7aa99523aba8d0cdc922b9ad67e4c2bb9074c90e0ee0a41b6e7f5f63c40d31224a71c8a0b703f4be3
  languageName: node
  linkType: hard

"debug@npm:3.1.0":
  version: 3.1.0
  resolution: "debug@npm:3.1.0"
  dependencies:
    ms: 2.0.0
  checksum: 1295acd5e0531761255661d325cd0a80ac8c5f6de8942a53bb23c2197ccb97526972de662ed0e5d9393be83f3428a298a6e7185ecb02f0da6282019cd2ffb4a8
  languageName: node
  linkType: hard

"denque@npm:^1.4.1":
  version: 1.5.0
  resolution: "denque@npm:1.5.0"
  checksum: 3564778cda60c7dee3f1d71e397e50e6b39a8c06118aab9843b9396cb621b3191ab56d13de5237b8beee2b87bec485e8239c58ca3133472d2d1eaa3d2d518022
  languageName: node
  linkType: hard

"inherits@npm:~2.0.3":
  version: 2.0.4
  resolution: "inherits@npm:2.0.4"
  checksum: 98426da247ddfc3dcd7d7daedd90c3ca32d5b08deca08949726f12d49232aef94772a07b36cf4ff833e105ae2ef931777f6de4a6dd8245a216b9299ad4a50bea
  languageName: node
  linkType: hard

"isarray@npm:~1.0.0":
  version: 1.0.0
  resolution: "isarray@npm:1.0.0"
  checksum: b0ff31a290e783f7b3fb73f2951ee7fc2946dc197b05f73577dc77f87dc3be2e0f66007bedf069123d4e5c4b691e7c89a241f6ca06f0c0f4765cdac5aa4b4047
  languageName: node
  linkType: hard

"kareem@npm:2.3.1":
  version: 2.3.1
  resolution: "kareem@npm:2.3.1"
  checksum: 6fc69a89f857aedccc16c1efaea1d6d72d7f47893797109443d31d354c7c70369c7d967fa1ad57c1b180670b828958dd4de513629695d2a1223d7c3f04898391
  languageName: node
  linkType: hard

"lodash@npm:^4.17.21":
  version: 4.17.21
  resolution: "lodash@npm:4.17.21"
  checksum: 4983720b9abca930a4a46f18db163d7dad8dd00dbed6db0cc7b499b33b717cce69f80928b27bbb1ff2cbd3b19d251ee90669a8b5ea466072ca81c2ebe91e7468
  languageName: node
  linkType: hard

"memory-pager@npm:^1.0.2":
  version: 1.5.0
  resolution: "memory-pager@npm:1.5.0"
  checksum: 6812af8165a31e729df25af125ba91b7ea7f3cacaf73a1c139b755be640cab9dfa4bb05b9acfc5d5f1f540b334203f26dac0662576033dd351e0a798abc4d72a
  languageName: node
  linkType: hard

"mongodb@npm:3.6.3":
  version: 3.6.3
  resolution: "mongodb@npm:3.6.3"
  dependencies:
    bl: ^2.2.1
    bson: ^1.1.4
    denque: ^1.4.1
    require_optional: ^1.0.1
    safe-buffer: ^5.1.2
    saslprep: ^1.0.0
  dependenciesMeta:
    saslprep:
      optional: true
  peerDependenciesMeta:
    aws4:
      optional: true
    bson-ext:
      optional: true
    kerberos:
      optional: true
    mongodb-client-encryption:
      optional: true
    mongodb-extjson:
      optional: true
    snappy:
      optional: true
  checksum: 85a80641803e75b93e76bb9e84c26429ec2c374e7138114562a25a6272880d1c18cf5dda21b8bd75c7dd110dac997d11572bb2da506c12c99c9faa4c668364c7
  languageName: node
  linkType: hard

"mongoose-dataloader@workspace:.":
  version: 0.0.0-use.local
  resolution: "mongoose-dataloader@workspace:."
  dependencies:
    "@types/lodash": ^4.14.168
    "@types/mongoose": ~5.10.3
    dataloader: ">=1.4.0"
    lodash: ^4.17.21
    mongoose: ~5.10.2
    prettier: ^2.2.1
    typescript: 4.1
  languageName: unknown
  linkType: soft

"mongoose-legacy-pluralize@npm:1.0.2":
  version: 1.0.2
  resolution: "mongoose-legacy-pluralize@npm:1.0.2"
  peerDependencies:
    mongoose: "*"
  checksum: a1f86450b3540a1883cfb093001846806d14cd3a8b80f6681fdac13afcfd4a1f57875fb79009aceacf2e80e3ffd2d5ab7e289ba873c586958ce536eff270dc0a
  languageName: node
  linkType: hard

"mongoose@npm:5.10.19, mongoose@npm:~5.10.2":
  version: 5.10.19
  resolution: "mongoose@npm:5.10.19"
  dependencies:
    bson: ^1.1.4
    kareem: 2.3.1
    mongodb: 3.6.3
    mongoose-legacy-pluralize: 1.0.2
    mpath: 0.7.0
    mquery: 3.2.2
    ms: 2.1.2
    regexp-clone: 1.0.0
    safe-buffer: 5.2.1
    sift: 7.0.1
    sliced: 1.0.1
  checksum: 7a469433036adfb97406fc7a9f1f8135ede947b00d1a01e7064dfc86520ec58e1b1b91291bbe98c1722846d82c0a221dc1edc166fbb07d0ba029f900e952db6c
  languageName: node
  linkType: hard

"mpath@npm:0.7.0":
  version: 0.7.0
  resolution: "mpath@npm:0.7.0"
  checksum: 76e271ff01a637452b1b8bb36825e74020e23d6fa1792455dc2992931b3fdfffcd637dcbe4c02a6bbb9e264f3920be4c5dcf42041f37176b00d5c8175604c4c1
  languageName: node
  linkType: hard

"mquery@npm:3.2.2":
  version: 3.2.2
  resolution: "mquery@npm:3.2.2"
  dependencies:
    bluebird: 3.5.1
    debug: 3.1.0
    regexp-clone: ^1.0.0
    safe-buffer: 5.1.2
    sliced: 1.0.1
  checksum: 80b422ec102e1045999b3f818964db69a56ddf394a64ef7dac3bf164e4824d179717844d00cf414827fb39c61334a88fd3c1b1cab91b624cf6a78db302bd63c4
  languageName: node
  linkType: hard

"ms@npm:2.0.0":
  version: 2.0.0
  resolution: "ms@npm:2.0.0"
  checksum: 1a230340cc7f322fbe916783d8c8d60455407c6b7fb7f901d6ee34eb272402302c5c7f070a97b8531245cbb4ca6a0a623f6a128d7e5a5440cefa2c669c0b35bb
  languageName: node
  linkType: hard

"ms@npm:2.1.2":
  version: 2.1.2
  resolution: "ms@npm:2.1.2"
  checksum: 9b65fb709bc30c0c07289dcbdb61ca032acbb9ea5698b55fa62e2cebb04c5953f1876a1f3f7f4bc2e91d4bf4d86003f3e207c3bc6ee2f716f99827e62389cd0e
  languageName: node
  linkType: hard

"prettier@npm:^2.2.1":
  version: 2.2.1
  resolution: "prettier@npm:2.2.1"
  bin:
    prettier: bin-prettier.js
  checksum: 92c6c9f4b87eba1f28466edee57dd18c80d00b858edda77d46d1950d20e6e302b68ee255fc91133ba931e63c4577b5ae30da194d9626a8f3c0177778b91bf056
  languageName: node
  linkType: hard

"process-nextick-args@npm:~2.0.0":
  version: 2.0.1
  resolution: "process-nextick-args@npm:2.0.1"
  checksum: ddeb0f07d0d5efa649c2c5e39d1afd0e3668df2b392d036c8a508b0034f7beffbc474b3c2f7fd3fed2dc4113cef8f1f7e00d05690df3c611b36f6c7efd7852d1
  languageName: node
  linkType: hard

"readable-stream@npm:^2.3.5":
  version: 2.3.7
  resolution: "readable-stream@npm:2.3.7"
  dependencies:
    core-util-is: ~1.0.0
    inherits: ~2.0.3
    isarray: ~1.0.0
    process-nextick-args: ~2.0.0
    safe-buffer: ~5.1.1
    string_decoder: ~1.1.1
    util-deprecate: ~1.0.1
  checksum: 6e3826560627a751feb3a8aec073ef94c6e47b8c8e06eb5d136323b5f09db9d2077c23a42a8d54ed0123695af54b36c1e4271a8ec55112b15f4b89020d8dec72
  languageName: node
  linkType: hard

"regexp-clone@npm:1.0.0, regexp-clone@npm:^1.0.0":
  version: 1.0.0
  resolution: "regexp-clone@npm:1.0.0"
  checksum: 0cb16b8806a0a4e3e0f8887c1465d03ff25371fde03d03ab3b2fe7bc521faaabaac36feabcdcdf63bcbce05a7d0eca113eb5b4d3b9a9efc77dc1c0fa87a2811d
  languageName: node
  linkType: hard

"require_optional@npm:^1.0.1":
  version: 1.0.1
  resolution: "require_optional@npm:1.0.1"
  dependencies:
    resolve-from: ^2.0.0
    semver: ^5.1.0
  checksum: 2a7cae14fcb0f7aac9e1837bde2edc1e95b2cf635376df09e973151ea735b77f2069e6bf9e1a1c5dd27f052e0b00a477db15807302a1ceeb487307ea61416bee
  languageName: node
  linkType: hard

"resolve-from@npm:^2.0.0":
  version: 2.0.0
  resolution: "resolve-from@npm:2.0.0"
  checksum: e2cfa9d4402ceb731ce14f639248c8a8a364db8710ba3360a4492046c6688084235645a4f4004ac7d9acf40bc0644fac6d8c24f9012c7e5773234a7c09d57cb4
  languageName: node
  linkType: hard

"safe-buffer@npm:5.1.2, safe-buffer@npm:~5.1.0, safe-buffer@npm:~5.1.1":
  version: 5.1.2
  resolution: "safe-buffer@npm:5.1.2"
  checksum: 2708587c1b5e70a5e420714ceb59f30f5791c6e831d39812125a008eca63a4ac18578abd020a0776ea497ff03b4543f2b2a223a7b9073bf2d6c7af9ec6829218
  languageName: node
  linkType: hard

"safe-buffer@npm:5.2.1, safe-buffer@npm:^5.1.1, safe-buffer@npm:^5.1.2":
  version: 5.2.1
  resolution: "safe-buffer@npm:5.2.1"
  checksum: 0bb57f0d8f9d1fa4fe35ad8a2db1f83a027d48f2822d59ede88fd5cd4ddad83c0b497213feb7a70fbf90597a70c5217f735b0eb1850df40ce9b4ae81dd22b3f9
  languageName: node
  linkType: hard

"saslprep@npm:^1.0.0":
  version: 1.0.3
  resolution: "saslprep@npm:1.0.3"
  dependencies:
    sparse-bitfield: ^3.0.3
  checksum: d007f50fe6578814d7b6c06f528cf7b08f1e12292b1c7d671a29a7a709cec29527d85352d1de3e020b3ee30017a9abd58252ff27b5042b889acd4a67b089c38c
  languageName: node
  linkType: hard

"semver@npm:^5.1.0":
  version: 5.7.1
  resolution: "semver@npm:5.7.1"
  bin:
    semver: ./bin/semver
  checksum: 06ff0ed753ebf741b7602be8faad620d6e160a2cb3f61019d00d919c8bca141638aa23c34da779b8595afdc9faa3678bfbb5f60366b6a4f65f98cf86605bbcdb
  languageName: node
  linkType: hard

"sift@npm:7.0.1":
  version: 7.0.1
  resolution: "sift@npm:7.0.1"
  checksum: 267d30f964324df4e55152d977cdca8da0a04e24f82c0ae0737d0dc771f613a415f5d26ad97ed5bcedbb032be2dfd78da9e4060b6131b4ee7cb0bd09e1095cf8
  languageName: node
  linkType: hard

"sliced@npm:1.0.1":
  version: 1.0.1
  resolution: "sliced@npm:1.0.1"
  checksum: af6bd9d9116298828d84a0c4ad417f941c61b72ed16cc289b97ad3669c2c41d13763b79385f3ac44c40a1e82f8c0774d18587b3b7125034fa6f80d10363a234c
  languageName: node
  linkType: hard

"sparse-bitfield@npm:^3.0.3":
  version: 3.0.3
  resolution: "sparse-bitfield@npm:3.0.3"
  dependencies:
    memory-pager: ^1.0.2
  checksum: 3d7ea483df832df45c1a9b4905b2e2ffb9107b6b43db664ffaf03371000f9ec0db664c8d94600443e344c91be36c52a299ba627f2d15c7f2bcd2c2b7ded6f3b0
  languageName: node
  linkType: hard

"string_decoder@npm:~1.1.1":
  version: 1.1.1
  resolution: "string_decoder@npm:1.1.1"
  dependencies:
    safe-buffer: ~5.1.0
  checksum: bc2dc169d83df1b9e94defe7716bcad8a19ffe8211b029581cb0c6f9e83a6a7ba9ec3be38d179708a8643c692868a2b8b004ab159555dc26089ad3fa7b2158f5
  languageName: node
  linkType: hard

typescript@4.1:
  version: 4.1.5
  resolution: "typescript@npm:4.1.5"
  bin:
    tsc: bin/tsc
    tsserver: bin/tsserver
  checksum: 29157c84426ac94ce97aac836264f303a26bd9fb30865650229e3406a36ca2e89735ef4b8878075ba1b95fa4d3ff9810057b64888700c28e20b4034a6db4da83
  languageName: node
  linkType: hard

"typescript@patch:typescript@4.1#builtin<compat/typescript>":
  version: 4.1.5
  resolution: "typescript@patch:typescript@npm%3A4.1.5#builtin<compat/typescript>::version=4.1.5&hash=cc6730"
  bin:
    tsc: bin/tsc
    tsserver: bin/tsserver
  checksum: 58cc7786be0f8485c124944883b1384287532e4867ec37f1fb5cb2811dbc10f7a9decccad89097f924043285f3515bfd8223c61dbb4f88af00b2d8dc2ef73207
  languageName: node
  linkType: hard

"util-deprecate@npm:~1.0.1":
  version: 1.0.2
  resolution: "util-deprecate@npm:1.0.2"
  checksum: 73c2b1cf0210ccac300645384d8443cabbd93194117b2dc1b3bae8d8279ad39aedac857e020c4ea505e96a1045059c7359db3df6a9df0be6b8584166c9d61dc9
  languageName: node
  linkType: hard
